
Microsoft Visual Studio Solution File, Format Version 12.00
# Visual Studio Version 17
VisualStudioVersion = 17.0.31903.59
MinimumVisualStudioVersion = 10.0.40219.1
Project("{FAE04EC0-301F-11D3-BF4B-00C04F79EFBC}") = "MemoryTestConsoleApp", "MemoryTestConsoleApp.csproj", "{A97311BA-992C-4A51-B279-5E01AB654BD8}"
EndProject
Global
	GlobalSection(SolutionConfigurationPlatforms) = preSolution
		Debug|Any CPU = Debug|Any CPU
		Debug|x64 = Debug|x64
		Release|Any CPU = Release|Any CPU
		Release|x64 = Release|x64
	EndGlobalSection
	GlobalSection(ProjectConfigurationPlatforms) = postSolution
		{A97311BA-992C-4A51-B279-5E01AB654BD8}.Debug|Any CPU.ActiveCfg = Debug|Any CPU
		{A97311BA-992C-4A51-B279-5E01AB654BD8}.Debug|Any CPU.Build.0 = Debug|Any CPU
		{A97311BA-992C-4A51-B279-5E01AB654BD8}.Debug|x64.ActiveCfg = Debug|x64
		{A97311BA-992C-4A51-B279-5E01AB654BD8}.Debug|x64.Build.0 = Debug|x64
		{A97311BA-992C-4A51-B279-5E01AB654BD8}.Release|Any CPU.ActiveCfg = Release|Any CPU
		{A97311BA-992C-4A51-B279-5E01AB654BD8}.Release|Any CPU.Build.0 = Release|Any CPU
		{A97311BA-992C-4A51-B279-5E01AB654BD8}.Release|x64.ActiveCfg = Release|x64
		{A97311BA-992C-4A51-B279-5E01AB654BD8}.Release|x64.Build.0 = Release|x64
	EndGlobalSection
	GlobalSection(SolutionProperties) = preSolution
		HideSolutionNode = FALSE
	EndGlobalSection
	GlobalSection(ExtensibilityGlobals) = postSolution
		SolutionGuid = {3850B2F1-A352-46D0-A4CF-D525B6F0460F}
	EndGlobalSection
EndGlobal
